
Microsoft Visual Studio Solution File, Format Version 12.00
# Visual Studio Version 16
VisualStudioVersion = 16.0.29814.53
MinimumVisualStudioVersion = 10.0.40219.1
Project("{8BC9CEB8-8B4A-11D0-8D11-00A0C91BC942}") = "OpenGL 3D Game", "OpenGL 3D Game\OpenGL 3D Game.vcxproj", "{0898B81B-32F3-466E-9C2A-971085F543B9}"
EndProject
Global
	GlobalSection(SolutionConfigurationPlatforms) = preSolution
		Debug|x64 = Debug|x64
		Distribution|x64 = Distribution|x64
		Release|x64 = Release|x64
	EndGlobalSection
	GlobalSection(ProjectConfigurationPlatforms) = postSolution
		{0898B81B-32F3-466E-9C2A-971085F543B9}.Debug|x64.ActiveCfg = Debug|x64
		{0898B81B-32F3-466E-9C2A-971085F543B9}.Debug|x64.Build.0 = Debug|x64
		{0898B81B-32F3-466E-9C2A-971085F543B9}.Distribution|x64.ActiveCfg = Debug|x64
		{0898B81B-32F3-466E-9C2A-971085F543B9}.Distribution|x64.Build.0 = Debug|x64
		{0898B81B-32F3-466E-9C2A-971085F543B9}.Release|x64.ActiveCfg = Release|x64
		{0898B81B-32F3-466E-9C2A-971085F543B9}.Release|x64.Build.0 = Release|x64
	EndGlobalSection
	GlobalSection(SolutionProperties) = preSolution
		HideSolutionNode = FALSE
	EndGlobalSection
	GlobalSection(ExtensibilityGlobals) = postSolution
		SolutionGuid = {E38C880B-1BE5-4AC6-B6BA-4B785AA2EABA}
	EndGlobalSection
EndGlobal
